
Microsoft Visual Studio Solution File, Format Version 12.00
# Visual Studio Version 17
VisualStudioVersion = 17.8.34309.116
MinimumVisualStudioVersion = 10.0.40219.1
Project("{8BC9CEB8-8B4A-11D0-8D11-00A0C91BC942}") = "Car", "Car\Car.vcxproj", "{EB85236B-8EED-4A7D-8704-BDFAA1C12ACA}"
EndProject
Project("{8BC9CEB8-8B4A-11D0-8D11-00A0C91BC942}") = "CubeMesh", "CubeMesh\CubeMesh.vcxproj", "{1393640E-4C65-4B09-BE9A-5FF9A5C5EEFE}"
EndProject
Project("{8BC9CEB8-8B4A-11D0-8D11-00A0C91BC942}") = "FPS_01", "FPS_01\FPS_01.vcxproj", "{FE3E75E2-942E-488F-A404-DFD8CCA8564A}"
EndProject
Project("{8BC9CEB8-8B4A-11D0-8D11-00A0C91BC942}") = "FPS_02", "FPS_02\FPS_02.vcxproj", "{27949457-53C0-4DC9-A351-6F1C7D9E1830}"
EndProject
Project("{8BC9CEB8-8B4A-11D0-8D11-00A0C91BC942}") = "Object_01", "Object_01\Object_01.vcxproj", "{E8FC64BA-5020-4963-9561-62ADA3F2488F}"
EndProject
Project("{8BC9CEB8-8B4A-11D0-8D11-00A0C91BC942}") = "Object_02", "Object_02\Object_02.vcxproj", "{DA96DEF0-0F65-44B6-9EAA-9A90706DF300}"
EndProject
Project("{8BC9CEB8-8B4A-11D0-8D11-00A0C91BC942}") = "Zooming", "Zooming\Zooming.vcxproj", "{AD4B2B14-7A04-4B14-A7FB-5EB39A40E30F}"
EndProject
Project("{8BC9CEB8-8B4A-11D0-8D11-00A0C91BC942}") = "Racing", "Racing\Racing.vcxproj", "{7B7C5673-5A92-4B1E-A2C0-2894F8F32EF8}"
EndProject
Project("{8BC9CEB8-8B4A-11D0-8D11-00A0C91BC942}") = "Car2", "Car2\Car2.vcxproj", "{8125651A-450D-4ADB-BCA9-D68DC4714737}"
EndProject
Global
	GlobalSection(SolutionConfigurationPlatforms) = preSolution
		Debug|x64 = Debug|x64
		Debug|x86 = Debug|x86
		Release|x64 = Release|x64
		Release|x86 = Release|x86
	EndGlobalSection
	GlobalSection(ProjectConfigurationPlatforms) = postSolution
		{EB85236B-8EED-4A7D-8704-BDFAA1C12ACA}.Debug|x64.ActiveCfg = Debug|x64
		{EB85236B-8EED-4A7D-8704-BDFAA1C12ACA}.Debug|x64.Build.0 = Debug|x64
		{EB85236B-8EED-4A7D-8704-BDFAA1C12ACA}.Debug|x86.ActiveCfg = Debug|Win32
		{EB85236B-8EED-4A7D-8704-BDFAA1C12ACA}.Debug|x86.Build.0 = Debug|Win32
		{EB85236B-8EED-4A7D-8704-BDFAA1C12ACA}.Release|x64.ActiveCfg = Release|x64
		{EB85236B-8EED-4A7D-8704-BDFAA1C12ACA}.Release|x64.Build.0 = Release|x64
		{EB85236B-8EED-4A7D-8704-BDFAA1C12ACA}.Release|x86.ActiveCfg = Release|Win32
		{EB85236B-8EED-4A7D-8704-BDFAA1C12ACA}.Release|x86.Build.0 = Release|Win32
		{1393640E-4C65-4B09-BE9A-5FF9A5C5EEFE}.Debug|x64.ActiveCfg = Debug|x64
		{1393640E-4C65-4B09-BE9A-5FF9A5C5EEFE}.Debug|x64.Build.0 = Debug|x64
		{1393640E-4C65-4B09-BE9A-5FF9A5C5EEFE}.Debug|x86.ActiveCfg = Debug|Win32
		{1393640E-4C65-4B09-BE9A-5FF9A5C5EEFE}.Debug|x86.Build.0 = Debug|Win32
		{1393640E-4C65-4B09-BE9A-5FF9A5C5EEFE}.Release|x64.ActiveCfg = Release|x64
		{1393640E-4C65-4B09-BE9A-5FF9A5C5EEFE}.Release|x64.Build.0 = Release|x64
		{1393640E-4C65-4B09-BE9A-5FF9A5C5EEFE}.Release|x86.ActiveCfg = Release|Win32
		{1393640E-4C65-4B09-BE9A-5FF9A5C5EEFE}.Release|x86.Build.0 = Release|Win32
		{FE3E75E2-942E-488F-A404-DFD8CCA8564A}.Debug|x64.ActiveCfg = Debug|x64
		{FE3E75E2-942E-488F-A404-DFD8CCA8564A}.Debug|x64.Build.0 = Debug|x64
		{FE3E75E2-942E-488F-A404-DFD8CCA8564A}.Debug|x86.ActiveCfg = Debug|Win32
		{FE3E75E2-942E-488F-A404-DFD8CCA8564A}.Debug|x86.Build.0 = Debug|Win32
		{FE3E75E2-942E-488F-A404-DFD8CCA8564A}.Release|x64.ActiveCfg = Release|x64
		{FE3E75E2-942E-488F-A404-DFD8CCA8564A}.Release|x64.Build.0 = Release|x64
		{FE3E75E2-942E-488F-A404-DFD8CCA8564A}.Release|x86.ActiveCfg = Release|Win32
		{FE3E75E2-942E-488F-A404-DFD8CCA8564A}.Release|x86.Build.0 = Release|Win32
		{27949457-53C0-4DC9-A351-6F1C7D9E1830}.Debug|x64.ActiveCfg = Debug|x64
		{27949457-53C0-4DC9-A351-6F1C7D9E1830}.Debug|x64.Build.0 = Debug|x64
		{27949457-53C0-4DC9-A351-6F1C7D9E1830}.Debug|x86.ActiveCfg = Debug|Win32
		{27949457-53C0-4DC9-A351-6F1C7D9E1830}.Debug|x86.Build.0 = Debug|Win32
		{27949457-53C0-4DC9-A351-6F1C7D9E1830}.Release|x64.ActiveCfg = Release|x64
		{27949457-53C0-4DC9-A351-6F1C7D9E1830}.Release|x64.Build.0 = Release|x64
		{27949457-53C0-4DC9-A351-6F1C7D9E1830}.Release|x86.ActiveCfg = Release|Win32
		{27949457-53C0-4DC9-A351-6F1C7D9E1830}.Release|x86.Build.0 = Release|Win32
		{E8FC64BA-5020-4963-9561-62ADA3F2488F}.Debug|x64.ActiveCfg = Debug|x64
		{E8FC64BA-5020-4963-9561-62ADA3F2488F}.Debug|x64.Build.0 = Debug|x64
		{E8FC64BA-5020-4963-9561-62ADA3F2488F}.Debug|x86.ActiveCfg = Debug|Win32
		{E8FC64BA-5020-4963-9561-62ADA3F2488F}.Debug|x86.Build.0 = Debug|Win32
		{E8FC64BA-5020-4963-9561-62ADA3F2488F}.Release|x64.ActiveCfg = Release|x64
		{E8FC64BA-5020-4963-9561-62ADA3F2488F}.Release|x64.Build.0 = Release|x64
		{E8FC64BA-5020-4963-9561-62ADA3F2488F}.Release|x86.ActiveCfg = Release|Win32
		{E8FC64BA-5020-4963-9561-62ADA3F2488F}.Release|x86.Build.0 = Release|Win32
		{DA96DEF0-0F65-44B6-9EAA-9A90706DF300}.Debug|x64.ActiveCfg = Debug|x64
		{DA96DEF0-0F65-44B6-9EAA-9A90706DF300}.Debug|x64.Build.0 = Debug|x64
		{DA96DEF0-0F65-44B6-9EAA-9A90706DF300}.Debug|x86.ActiveCfg = Debug|Win32
		{DA96DEF0-0F65-44B6-9EAA-9A90706DF300}.Debug|x86.Build.0 = Debug|Win32
		{DA96DEF0-0F65-44B6-9EAA-9A90706DF300}.Release|x64.ActiveCfg = Release|x64
		{DA96DEF0-0F65-44B6-9EAA-9A90706DF300}.Release|x64.Build.0 = Release|x64
		{DA96DEF0-0F65-44B6-9EAA-9A90706DF300}.Release|x86.ActiveCfg = Release|Win32
		{DA96DEF0-0F65-44B6-9EAA-9A90706DF300}.Release|x86.Build.0 = Release|Win32
		{AD4B2B14-7A04-4B14-A7FB-5EB39A40E30F}.Debug|x64.ActiveCfg = Debug|x64
		{AD4B2B14-7A04-4B14-A7FB-5EB39A40E30F}.Debug|x64.Build.0 = Debug|x64
		{AD4B2B14-7A04-4B14-A7FB-5EB39A40E30F}.Debug|x86.ActiveCfg = Debug|Win32
		{AD4B2B14-7A04-4B14-A7FB-5EB39A40E30F}.Debug|x86.Build.0 = Debug|Win32
		{AD4B2B14-7A04-4B14-A7FB-5EB39A40E30F}.Release|x64.ActiveCfg = Release|x64
		{AD4B2B14-7A04-4B14-A7FB-5EB39A40E30F}.Release|x64.Build.0 = Release|x64
		{AD4B2B14-7A04-4B14-A7FB-5EB39A40E30F}.Release|x86.ActiveCfg = Release|Win32
		{AD4B2B14-7A04-4B14-A7FB-5EB39A40E30F}.Release|x86.Build.0 = Release|Win32
		{7B7C5673-5A92-4B1E-A2C0-2894F8F32EF8}.Debug|x64.ActiveCfg = Debug|x64
		{7B7C5673-5A92-4B1E-A2C0-2894F8F32EF8}.Debug|x64.Build.0 = Debug|x64
		{7B7C5673-5A92-4B1E-A2C0-2894F8F32EF8}.Debug|x86.ActiveCfg = Debug|Win32
		{7B7C5673-5A92-4B1E-A2C0-2894F8F32EF8}.Debug|x86.Build.0 = Debug|Win32
		{7B7C5673-5A92-4B1E-A2C0-2894F8F32EF8}.Release|x64.ActiveCfg = Release|x64
		{7B7C5673-5A92-4B1E-A2C0-2894F8F32EF8}.Release|x64.Build.0 = Release|x64
		{7B7C5673-5A92-4B1E-A2C0-2894F8F32EF8}.Release|x86.ActiveCfg = Release|Win32
		{7B7C5673-5A92-4B1E-A2C0-2894F8F32EF8}.Release|x86.Build.0 = Release|Win32
		{8125651A-450D-4ADB-BCA9-D68DC4714737}.Debug|x64.ActiveCfg = Debug|x64
		{8125651A-450D-4ADB-BCA9-D68DC4714737}.Debug|x64.Build.0 = Debug|x64
		{8125651A-450D-4ADB-BCA9-D68DC4714737}.Debug|x86.ActiveCfg = Debug|Win32
		{8125651A-450D-4ADB-BCA9-D68DC4714737}.Debug|x86.Build.0 = Debug|Win32
		{8125651A-450D-4ADB-BCA9-D68DC4714737}.Release|x64.ActiveCfg = Release|x64
		{8125651A-450D-4ADB-BCA9-D68DC4714737}.Release|x64.Build.0 = Release|x64
		{8125651A-450D-4ADB-BCA9-D68DC4714737}.Release|x86.ActiveCfg = Release|Win32
		{8125651A-450D-4ADB-BCA9-D68DC4714737}.Release|x86.Build.0 = Release|Win32
	EndGlobalSection
	GlobalSection(SolutionProperties) = preSolution
		HideSolutionNode = FALSE
	EndGlobalSection
	GlobalSection(ExtensibilityGlobals) = postSolution
		SolutionGuid = {2CD94A48-E020-4ADE-8C37-BF0C067544E4}
	EndGlobalSection
EndGlobal
