
Microsoft Visual Studio Solution File, Format Version 12.00
# Visual Studio Version 17
VisualStudioVersion = 17.8.34309.116
MinimumVisualStudioVersion = 10.0.40219.1
Project("{8BC9CEB8-8B4A-11D0-8D11-00A0C91BC942}") = "Car", "Car\Car.vcxproj", "{EB85236B-8EED-4A7D-8704-BDFAA1C12ACA}"
EndProject
Project("{8BC9CEB8-8B4A-11D0-8D11-00A0C91BC942}") = "CubeMesh", "CubeMesh\CubeMesh.vcxproj", "{1393640E-4C65-4B09-BE9A-5FF9A5C5EEFE}"
EndProject
Project("{8BC9CEB8-8B4A-11D0-8D11-00A0C91BC942}") = "FPS_01", "FPS_01\FPS_01.vcxproj", "{FE3E75E2-942E-488F-A404-DFD8CCA8564A}"
EndProject
Project("{8BC9CEB8-8B4A-11D0-8D11-00A0C91BC942}") = "FPS_02", "FPS_02\FPS_02.vcxproj", "{27949457-53C0-4DC9-A351-6F1C7D9E1830}"
EndProject
Project("{8BC9CEB8-8B4A-11D0-8D11-00A0C91BC942}") = "Object_01", "Object_01\Object_01.vcxproj", "{E8FC64BA-5020-4963-9561-62ADA3F2488F}"
EndProject
Project("{8BC9CEB8-8B4A-11D0-8D11-00A0C91BC942}") = "Object_02", "Object_02\Object_02.vcxproj", "{DA96DEF0-0F65-44B6-9EAA-9A90706DF300}"
EndProject
Project("{8BC9CEB8-8B4A-11D0-8D11-00A0C91BC942}") = "Zooming", "Zooming\Zooming.vcxproj", "{AD4B2B14-7A04-4B14-A7FB-5EB39A40E30F}"
EndProject
Project("{8BC9CEB8-8B4A-11D0-8D11-00A0C91BC942}") = "Racing", "Racing\Racing.vcxproj", "{7B7C5673-5A92-4B1E-A2C0-2894F8F32EF8}"
EndProject
Project("{8BC9CEB8-8B4A-11D0-8D11-00A0C91BC942}") = "BrickBreaker", "BrickBreaker\BrickBreaker.vcxproj", "{FC836D98-CFFD-40F9-969A-58CA186E453D}"
EndProject
Project("{8BC9CEB8-8B4A-11D0-8D11-00A0C91BC942}") = "Minesweeper", "SnakeGame\SnakeGame.vcxproj", "{E67638CF-4377-403B-BB5B-D65B9F468EB2}"
EndProject
Project("{8BC9CEB8-8B4A-11D0-8D11-00A0C91BC942}") = "Tetris", "Tetris\Tetris.vcxproj", "{256115AE-5921-4945-B402-A0DB40FCAD88}"
EndProject
Project("{8BC9CEB8-8B4A-11D0-8D11-00A0C91BC942}") = "Shooting", "Shooting\Shooting.vcxproj", "{FC99B1B2-8592-4DA5-A026-4FB3C43C87DD}"
EndProject
Project("{8BC9CEB8-8B4A-11D0-8D11-00A0C91BC942}") = "Snake", "Snake\Snake.vcxproj", "{A4CE0F7E-9F28-4514-84A1-41DCCDEB1EB3}"
EndProject
Project("{8BC9CEB8-8B4A-11D0-8D11-00A0C91BC942}") = "TextRPG", "TextRPG\TextRPG.vcxproj", "{6E86A745-09E9-421C-ABA0-613480977B3A}"
EndProject
Global
	GlobalSection(SolutionConfigurationPlatforms) = preSolution
		Debug|x64 = Debug|x64
		Debug|x86 = Debug|x86
		Release|x64 = Release|x64
		Release|x86 = Release|x86
	EndGlobalSection
	GlobalSection(ProjectConfigurationPlatforms) = postSolution
		{EB85236B-8EED-4A7D-8704-BDFAA1C12ACA}.Debug|x64.ActiveCfg = Debug|x64
		{EB85236B-8EED-4A7D-8704-BDFAA1C12ACA}.Debug|x64.Build.0 = Debug|x64
		{EB85236B-8EED-4A7D-8704-BDFAA1C12ACA}.Debug|x86.ActiveCfg = Debug|Win32
		{EB85236B-8EED-4A7D-8704-BDFAA1C12ACA}.Debug|x86.Build.0 = Debug|Win32
		{EB85236B-8EED-4A7D-8704-BDFAA1C12ACA}.Release|x64.ActiveCfg = Release|x64
		{EB85236B-8EED-4A7D-8704-BDFAA1C12ACA}.Release|x64.Build.0 = Release|x64
		{EB85236B-8EED-4A7D-8704-BDFAA1C12ACA}.Release|x86.ActiveCfg = Release|Win32
		{EB85236B-8EED-4A7D-8704-BDFAA1C12ACA}.Release|x86.Build.0 = Release|Win32
		{1393640E-4C65-4B09-BE9A-5FF9A5C5EEFE}.Debug|x64.ActiveCfg = Debug|x64
		{1393640E-4C65-4B09-BE9A-5FF9A5C5EEFE}.Debug|x64.Build.0 = Debug|x64
		{1393640E-4C65-4B09-BE9A-5FF9A5C5EEFE}.Debug|x86.ActiveCfg = Debug|Win32
		{1393640E-4C65-4B09-BE9A-5FF9A5C5EEFE}.Debug|x86.Build.0 = Debug|Win32
		{1393640E-4C65-4B09-BE9A-5FF9A5C5EEFE}.Release|x64.ActiveCfg = Release|x64
		{1393640E-4C65-4B09-BE9A-5FF9A5C5EEFE}.Release|x64.Build.0 = Release|x64
		{1393640E-4C65-4B09-BE9A-5FF9A5C5EEFE}.Release|x86.ActiveCfg = Release|Win32
		{1393640E-4C65-4B09-BE9A-5FF9A5C5EEFE}.Release|x86.Build.0 = Release|Win32
		{FE3E75E2-942E-488F-A404-DFD8CCA8564A}.Debug|x64.ActiveCfg = Debug|x64
		{FE3E75E2-942E-488F-A404-DFD8CCA8564A}.Debug|x64.Build.0 = Debug|x64
		{FE3E75E2-942E-488F-A404-DFD8CCA8564A}.Debug|x86.ActiveCfg = Debug|Win32
		{FE3E75E2-942E-488F-A404-DFD8CCA8564A}.Debug|x86.Build.0 = Debug|Win32
		{FE3E75E2-942E-488F-A404-DFD8CCA8564A}.Release|x64.ActiveCfg = Release|x64
		{FE3E75E2-942E-488F-A404-DFD8CCA8564A}.Release|x64.Build.0 = Release|x64
		{FE3E75E2-942E-488F-A404-DFD8CCA8564A}.Release|x86.ActiveCfg = Release|Win32
		{FE3E75E2-942E-488F-A404-DFD8CCA8564A}.Release|x86.Build.0 = Release|Win32
		{27949457-53C0-4DC9-A351-6F1C7D9E1830}.Debug|x64.ActiveCfg = Debug|x64
		{27949457-53C0-4DC9-A351-6F1C7D9E1830}.Debug|x64.Build.0 = Debug|x64
		{27949457-53C0-4DC9-A351-6F1C7D9E1830}.Debug|x86.ActiveCfg = Debug|Win32
		{27949457-53C0-4DC9-A351-6F1C7D9E1830}.Debug|x86.Build.0 = Debug|Win32
		{27949457-53C0-4DC9-A351-6F1C7D9E1830}.Release|x64.ActiveCfg = Release|x64
		{27949457-53C0-4DC9-A351-6F1C7D9E1830}.Release|x64.Build.0 = Release|x64
		{27949457-53C0-4DC9-A351-6F1C7D9E1830}.Release|x86.ActiveCfg = Release|Win32
		{27949457-53C0-4DC9-A351-6F1C7D9E1830}.Release|x86.Build.0 = Release|Win32
		{E8FC64BA-5020-4963-9561-62ADA3F2488F}.Debug|x64.ActiveCfg = Debug|x64
		{E8FC64BA-5020-4963-9561-62ADA3F2488F}.Debug|x64.Build.0 = Debug|x64
		{E8FC64BA-5020-4963-9561-62ADA3F2488F}.Debug|x86.ActiveCfg = Debug|Win32
		{E8FC64BA-5020-4963-9561-62ADA3F2488F}.Debug|x86.Build.0 = Debug|Win32
		{E8FC64BA-5020-4963-9561-62ADA3F2488F}.Release|x64.ActiveCfg = Release|x64
		{E8FC64BA-5020-4963-9561-62ADA3F2488F}.Release|x64.Build.0 = Release|x64
		{E8FC64BA-5020-4963-9561-62ADA3F2488F}.Release|x86.ActiveCfg = Release|Win32
		{E8FC64BA-5020-4963-9561-62ADA3F2488F}.Release|x86.Build.0 = Release|Win32
		{DA96DEF0-0F65-44B6-9EAA-9A90706DF300}.Debug|x64.ActiveCfg = Debug|x64
		{DA96DEF0-0F65-44B6-9EAA-9A90706DF300}.Debug|x64.Build.0 = Debug|x64
		{DA96DEF0-0F65-44B6-9EAA-9A90706DF300}.Debug|x86.ActiveCfg = Debug|Win32
		{DA96DEF0-0F65-44B6-9EAA-9A90706DF300}.Debug|x86.Build.0 = Debug|Win32
		{DA96DEF0-0F65-44B6-9EAA-9A90706DF300}.Release|x64.ActiveCfg = Release|x64
		{DA96DEF0-0F65-44B6-9EAA-9A90706DF300}.Release|x64.Build.0 = Release|x64
		{DA96DEF0-0F65-44B6-9EAA-9A90706DF300}.Release|x86.ActiveCfg = Release|Win32
		{DA96DEF0-0F65-44B6-9EAA-9A90706DF300}.Release|x86.Build.0 = Release|Win32
		{AD4B2B14-7A04-4B14-A7FB-5EB39A40E30F}.Debug|x64.ActiveCfg = Debug|x64
		{AD4B2B14-7A04-4B14-A7FB-5EB39A40E30F}.Debug|x64.Build.0 = Debug|x64
		{AD4B2B14-7A04-4B14-A7FB-5EB39A40E30F}.Debug|x86.ActiveCfg = Debug|Win32
		{AD4B2B14-7A04-4B14-A7FB-5EB39A40E30F}.Debug|x86.Build.0 = Debug|Win32
		{AD4B2B14-7A04-4B14-A7FB-5EB39A40E30F}.Release|x64.ActiveCfg = Release|x64
		{AD4B2B14-7A04-4B14-A7FB-5EB39A40E30F}.Release|x64.Build.0 = Release|x64
		{AD4B2B14-7A04-4B14-A7FB-5EB39A40E30F}.Release|x86.ActiveCfg = Release|Win32
		{AD4B2B14-7A04-4B14-A7FB-5EB39A40E30F}.Release|x86.Build.0 = Release|Win32
		{7B7C5673-5A92-4B1E-A2C0-2894F8F32EF8}.Debug|x64.ActiveCfg = Debug|x64
		{7B7C5673-5A92-4B1E-A2C0-2894F8F32EF8}.Debug|x64.Build.0 = Debug|x64
		{7B7C5673-5A92-4B1E-A2C0-2894F8F32EF8}.Debug|x86.ActiveCfg = Debug|Win32
		{7B7C5673-5A92-4B1E-A2C0-2894F8F32EF8}.Debug|x86.Build.0 = Debug|Win32
		{7B7C5673-5A92-4B1E-A2C0-2894F8F32EF8}.Release|x64.ActiveCfg = Release|x64
		{7B7C5673-5A92-4B1E-A2C0-2894F8F32EF8}.Release|x64.Build.0 = Release|x64
		{7B7C5673-5A92-4B1E-A2C0-2894F8F32EF8}.Release|x86.ActiveCfg = Release|Win32
		{7B7C5673-5A92-4B1E-A2C0-2894F8F32EF8}.Release|x86.Build.0 = Release|Win32
		{FC836D98-CFFD-40F9-969A-58CA186E453D}.Debug|x64.ActiveCfg = Debug|x64
		{FC836D98-CFFD-40F9-969A-58CA186E453D}.Debug|x64.Build.0 = Debug|x64
		{FC836D98-CFFD-40F9-969A-58CA186E453D}.Debug|x86.ActiveCfg = Debug|Win32
		{FC836D98-CFFD-40F9-969A-58CA186E453D}.Debug|x86.Build.0 = Debug|Win32
		{FC836D98-CFFD-40F9-969A-58CA186E453D}.Release|x64.ActiveCfg = Release|x64
		{FC836D98-CFFD-40F9-969A-58CA186E453D}.Release|x64.Build.0 = Release|x64
		{FC836D98-CFFD-40F9-969A-58CA186E453D}.Release|x86.ActiveCfg = Release|Win32
		{FC836D98-CFFD-40F9-969A-58CA186E453D}.Release|x86.Build.0 = Release|Win32
		{E67638CF-4377-403B-BB5B-D65B9F468EB2}.Debug|x64.ActiveCfg = Debug|x64
		{E67638CF-4377-403B-BB5B-D65B9F468EB2}.Debug|x64.Build.0 = Debug|x64
		{E67638CF-4377-403B-BB5B-D65B9F468EB2}.Debug|x86.ActiveCfg = Debug|Win32
		{E67638CF-4377-403B-BB5B-D65B9F468EB2}.Debug|x86.Build.0 = Debug|Win32
		{E67638CF-4377-403B-BB5B-D65B9F468EB2}.Release|x64.ActiveCfg = Release|x64
		{E67638CF-4377-403B-BB5B-D65B9F468EB2}.Release|x64.Build.0 = Release|x64
		{E67638CF-4377-403B-BB5B-D65B9F468EB2}.Release|x86.ActiveCfg = Release|Win32
		{E67638CF-4377-403B-BB5B-D65B9F468EB2}.Release|x86.Build.0 = Release|Win32
		{256115AE-5921-4945-B402-A0DB40FCAD88}.Debug|x64.ActiveCfg = Debug|x64
		{256115AE-5921-4945-B402-A0DB40FCAD88}.Debug|x64.Build.0 = Debug|x64
		{256115AE-5921-4945-B402-A0DB40FCAD88}.Debug|x86.ActiveCfg = Debug|Win32
		{256115AE-5921-4945-B402-A0DB40FCAD88}.Debug|x86.Build.0 = Debug|Win32
		{256115AE-5921-4945-B402-A0DB40FCAD88}.Release|x64.ActiveCfg = Release|x64
		{256115AE-5921-4945-B402-A0DB40FCAD88}.Release|x64.Build.0 = Release|x64
		{256115AE-5921-4945-B402-A0DB40FCAD88}.Release|x86.ActiveCfg = Release|Win32
		{256115AE-5921-4945-B402-A0DB40FCAD88}.Release|x86.Build.0 = Release|Win32
		{FC99B1B2-8592-4DA5-A026-4FB3C43C87DD}.Debug|x64.ActiveCfg = Debug|x64
		{FC99B1B2-8592-4DA5-A026-4FB3C43C87DD}.Debug|x64.Build.0 = Debug|x64
		{FC99B1B2-8592-4DA5-A026-4FB3C43C87DD}.Debug|x86.ActiveCfg = Debug|Win32
		{FC99B1B2-8592-4DA5-A026-4FB3C43C87DD}.Debug|x86.Build.0 = Debug|Win32
		{FC99B1B2-8592-4DA5-A026-4FB3C43C87DD}.Release|x64.ActiveCfg = Release|x64
		{FC99B1B2-8592-4DA5-A026-4FB3C43C87DD}.Release|x64.Build.0 = Release|x64
		{FC99B1B2-8592-4DA5-A026-4FB3C43C87DD}.Release|x86.ActiveCfg = Release|Win32
		{FC99B1B2-8592-4DA5-A026-4FB3C43C87DD}.Release|x86.Build.0 = Release|Win32
		{A4CE0F7E-9F28-4514-84A1-41DCCDEB1EB3}.Debug|x64.ActiveCfg = Debug|x64
		{A4CE0F7E-9F28-4514-84A1-41DCCDEB1EB3}.Debug|x64.Build.0 = Debug|x64
		{A4CE0F7E-9F28-4514-84A1-41DCCDEB1EB3}.Debug|x86.ActiveCfg = Debug|Win32
		{A4CE0F7E-9F28-4514-84A1-41DCCDEB1EB3}.Debug|x86.Build.0 = Debug|Win32
		{A4CE0F7E-9F28-4514-84A1-41DCCDEB1EB3}.Release|x64.ActiveCfg = Release|x64
		{A4CE0F7E-9F28-4514-84A1-41DCCDEB1EB3}.Release|x64.Build.0 = Release|x64
		{A4CE0F7E-9F28-4514-84A1-41DCCDEB1EB3}.Release|x86.ActiveCfg = Release|Win32
		{A4CE0F7E-9F28-4514-84A1-41DCCDEB1EB3}.Release|x86.Build.0 = Release|Win32
		{6E86A745-09E9-421C-ABA0-613480977B3A}.Debug|x64.ActiveCfg = Debug|x64
		{6E86A745-09E9-421C-ABA0-613480977B3A}.Debug|x64.Build.0 = Debug|x64
		{6E86A745-09E9-421C-ABA0-613480977B3A}.Debug|x86.ActiveCfg = Debug|Win32
		{6E86A745-09E9-421C-ABA0-613480977B3A}.Debug|x86.Build.0 = Debug|Win32
		{6E86A745-09E9-421C-ABA0-613480977B3A}.Release|x64.ActiveCfg = Release|x64
		{6E86A745-09E9-421C-ABA0-613480977B3A}.Release|x64.Build.0 = Release|x64
		{6E86A745-09E9-421C-ABA0-613480977B3A}.Release|x86.ActiveCfg = Release|Win32
		{6E86A745-09E9-421C-ABA0-613480977B3A}.Release|x86.Build.0 = Release|Win32
	EndGlobalSection
	GlobalSection(SolutionProperties) = preSolution
		HideSolutionNode = FALSE
	EndGlobalSection
	GlobalSection(ExtensibilityGlobals) = postSolution
		SolutionGuid = {2CD94A48-E020-4ADE-8C37-BF0C067544E4}
	EndGlobalSection
EndGlobal
